// !$*UTF8*$!
{
	archiveVersion = 1;
	classes = {
	};
	objectVersion = 56;
	objects = {

/* Begin PBXBuildFile section */
		2985245A2A32981700E1A15E /* GenoratorOfRandomGroupsApp.swift in Sources */ = {isa = PBXBuildFile; fileRef = 298524592A32981700E1A15E /* GenoratorOfRandomGroupsApp.swift */; };
		2985245C2A32981700E1A15E /* ContentView.swift in Sources */ = {isa = PBXBuildFile; fileRef = 2985245B2A32981700E1A15E /* ContentView.swift */; };
		2985245E2A32981800E1A15E /* Assets.xcassets in Resources */ = {isa = PBXBuildFile; fileRef = 2985245D2A32981800E1A15E /* Assets.xcassets */; };
		298524612A32981800E1A15E /* Preview Assets.xcassets in Resources */ = {isa = PBXBuildFile; fileRef = 298524602A32981800E1A15E /* Preview Assets.xcassets */; };
		298524682A32982600E1A15E /* db.sqlite in Resources */ = {isa = PBXBuildFile; fileRef = 298524672A32982600E1A15E /* db.sqlite */; };
		2985246B2A32984400E1A15E /* AppDataBase.swift in Sources */ = {isa = PBXBuildFile; fileRef = 2985246A2A32984400E1A15E /* AppDataBase.swift */; };
		2985246E2A32986800E1A15E /* Blackbird in Frameworks */ = {isa = PBXBuildFile; productRef = 2985246D2A32986800E1A15E /* Blackbird */; };
/* End PBXBuildFile section */

/* Begin PBXFileReference section */
		298524562A32981700E1A15E /* GenoratorOfRandomGroups.app */ = {isa = PBXFileReference; explicitFileType = wrapper.application; includeInIndex = 0; path = GenoratorOfRandomGroups.app; sourceTree = BUILT_PRODUCTS_DIR; };
		298524592A32981700E1A15E /* GenoratorOfRandomGroupsApp.swift */ = {isa = PBXFileReference; lastKnownFileType = sourcecode.swift; path = GenoratorOfRandomGroupsApp.swift; sourceTree = "<group>"; };
		2985245B2A32981700E1A15E /* ContentView.swift */ = {isa = PBXFileReference; lastKnownFileType = sourcecode.swift; path = ContentView.swift; sourceTree = "<group>"; };
		2985245D2A32981800E1A15E /* Assets.xcassets */ = {isa = PBXFileReference; lastKnownFileType = folder.assetcatalog; path = Assets.xcassets; sourceTree = "<group>"; };
		298524602A32981800E1A15E /* Preview Assets.xcassets */ = {isa = PBXFileReference; lastKnownFileType = folder.assetcatalog; path = "Preview Assets.xcassets"; sourceTree = "<group>"; };
		298524672A32982600E1A15E /* db.sqlite */ = {isa = PBXFileReference; lastKnownFileType = file; path = db.sqlite; sourceTree = "<group>"; };
		2985246A2A32984400E1A15E /* AppDataBase.swift */ = {isa = PBXFileReference; lastKnownFileType = sourcecode.swift; path = AppDataBase.swift; sourceTree = "<group>"; };
/* End PBXFileReference section */

/* Begin PBXFrameworksBuildPhase section */
		298524532A32981700E1A15E /* Frameworks */ = {
			isa = PBXFrameworksBuildPhase;
			buildActionMask = 2147483647;
			files = (
				2985246E2A32986800E1A15E /* Blackbird in Frameworks */,
			);
			runOnlyForDeploymentPostprocessing = 0;
		};
/* End PBXFrameworksBuildPhase section */

/* Begin PBXGroup section */
		2985244D2A32981700E1A15E = {
			isa = PBXGroup;
			children = (
				298524582A32981700E1A15E /* GenoratorOfRandomGroups */,
				298524572A32981700E1A15E /* Products */,
			);
			sourceTree = "<group>";
		};
		298524572A32981700E1A15E /* Products */ = {
			isa = PBXGroup;
			children = (
				298524562A32981700E1A15E /* GenoratorOfRandomGroups.app */,
			);
			name = Products;
			sourceTree = "<group>";
		};
		298524582A32981700E1A15E /* GenoratorOfRandomGroups */ = {
			isa = PBXGroup;
			children = (
				298524592A32981700E1A15E /* GenoratorOfRandomGroupsApp.swift */,
				2985245B2A32981700E1A15E /* ContentView.swift */,
				298524692A32982C00E1A15E /* model */,
				2985245D2A32981800E1A15E /* Assets.xcassets */,
				2985245F2A32981800E1A15E /* Preview Content */,
			);
			path = GenoratorOfRandomGroups;
			sourceTree = "<group>";
		};
		2985245F2A32981800E1A15E /* Preview Content */ = {
			isa = PBXGroup;
			children = (
				298524602A32981800E1A15E /* Preview Assets.xcassets */,
			);
			path = "Preview Content";
			sourceTree = "<group>";
		};
		298524692A32982C00E1A15E /* model */ = {
			isa = PBXGroup;
			children = (
				298524672A32982600E1A15E /* db.sqlite */,
				2985246A2A32984400E1A15E /* AppDataBase.swift */,
			);
			path = model;
			sourceTree = "<group>";
		};
/* End PBXGroup section */

/* Begin PBXNativeTarget section */
		298524552A32981700E1A15E /* GenoratorOfRandomGroups */ = {
			isa = PBXNativeTarget;
			buildConfigurationList = 298524642A32981800E1A15E /* Build configuration list for PBXNativeTarget "GenoratorOfRandomGroups" */;
			buildPhases = (
				298524522A32981700E1A15E /* Sources */,
				298524532A32981700E1A15E /* Frameworks */,
				298524542A32981700E1A15E /* Resources */,
			);
			buildRules = (
			);
			dependencies = (
			);
			name = GenoratorOfRandomGroups;
			packageProductDependencies = (
				2985246D2A32986800E1A15E /* Blackbird */,
			);
			productName = GenoratorOfRandomGroups;
			productReference = 298524562A32981700E1A15E /* GenoratorOfRandomGroups.app */;
			productType = "com.apple.product-type.application";
		};
/* End PBXNativeTarget section */

/* Begin PBXProject section */
		2985244E2A32981700E1A15E /* Project object */ = {
			isa = PBXProject;
			attributes = {
				BuildIndependentTargetsInParallel = 1;
				LastSwiftUpdateCheck = 1420;
				LastUpgradeCheck = 1420;
				TargetAttributes = {
					298524552A32981700E1A15E = {
						CreatedOnToolsVersion = 14.2;
					};
				};
			};
			buildConfigurationList = 298524512A32981700E1A15E /* Build configuration list for PBXProject "GenoratorOfRandomGroups" */;
			compatibilityVersion = "Xcode 14.0";
			developmentRegion = en;
			hasScannedForEncodings = 0;
			knownRegions = (
				en,
				Base,
			);
			mainGroup = 2985244D2A32981700E1A15E;
			packageReferences = (
				2985246C2A32986800E1A15E /* XCRemoteSwiftPackageReference "Blackbird" */,
			);
			productRefGroup = 298524572A32981700E1A15E /* Products */;
			projectDirPath = "";
			projectRoot = "";
			targets = (
				298524552A32981700E1A15E /* GenoratorOfRandomGroups */,
			);
		};
/* End PBXProject section */

/* Begin PBXResourcesBuildPhase section */
		298524542A32981700E1A15E /* Resources */ = {
			isa = PBXResourcesBuildPhase;
			buildActionMask = 2147483647;
			files = (
				298524612A32981800E1A15E /* Preview Assets.xcassets in Resources */,
				298524682A32982600E1A15E /* db.sqlite in Resources */,
				2985245E2A32981800E1A15E /* Assets.xcassets in Resources */,
			);
			runOnlyForDeploymentPostprocessing = 0;
		};
/* End PBXResourcesBuildPhase section */

/* Begin PBXSourcesBuildPhase section */
		298524522A32981700E1A15E /* Sources */ = {
			isa = PBXSourcesBuildPhase;
			buildActionMask = 2147483647;
			files = (
				2985246B2A32984400E1A15E /* AppDataBase.swift in Sources */,
				2985245C2A32981700E1A15E /* ContentView.swift in Sources */,
				2985245A2A32981700E1A15E /* GenoratorOfRandomGroupsApp.swift in Sources */,
			);
			runOnlyForDeploymentPostprocessing = 0;
		};
/* End PBXSourcesBuildPhase section */

/* Begin XCBuildConfiguration section */
		298524622A32981800E1A15E /* Debug */ = {
			isa = XCBuildConfiguration;
			buildSettings = {
				ALWAYS_SEARCH_USER_PATHS = NO;
				CLANG_ANALYZER_NONNULL = YES;
				CLANG_ANALYZER_NUMBER_OBJECT_CONVERSION = YES_AGGRESSIVE;
				CLANG_CXX_LANGUAGE_STANDARD = "gnu++20";
				CLANG_ENABLE_MODULES = YES;
				CLANG_ENABLE_OBJC_ARC = YES;
				CLANG_ENABLE_OBJC_WEAK = YES;
				CLANG_WARN_BLOCK_CAPTURE_AUTORELEASING = YES;
				CLANG_WARN_BOOL_CONVERSION = YES;
				CLANG_WARN_COMMA = YES;
				CLANG_WARN_CONSTANT_CONVERSION = YES;
				CLANG_WARN_DEPRECATED_OBJC_IMPLEMENTATIONS = YES;
				CLANG_WARN_DIRECT_OBJC_ISA_USAGE = YES_ERROR;
				CLANG_WARN_DOCUMENTATION_COMMENTS = YES;
				CLANG_WARN_EMPTY_BODY = YES;
				CLANG_WARN_ENUM_CONVERSION = YES;
				CLANG_WARN_INFINITE_RECURSION = YES;
				CLANG_WARN_INT_CONVERSION = YES;
				CLANG_WARN_NON_LITERAL_NULL_CONVERSION = YES;
				CLANG_WARN_OBJC_IMPLICIT_RETAIN_SELF = YES;
				CLANG_WARN_OBJC_LITERAL_CONVERSION = YES;
				CLANG_WARN_OBJC_ROOT_CLASS = YES_ERROR;
				CLANG_WARN_QUOTED_INCLUDE_IN_FRAMEWORK_HEADER = YES;
				CLANG_WARN_RANGE_LOOP_ANALYSIS = YES;
				CLANG_WARN_STRICT_PROTOTYPES = YES;
				CLANG_WARN_SUSPICIOUS_MOVE = YES;
				CLANG_WARN_UNGUARDED_AVAILABILITY = YES_AGGRESSIVE;
				CLANG_WARN_UNREACHABLE_CODE = YES;
				CLANG_WARN__DUPLICATE_METHOD_MATCH = YES;
				COPY_PHASE_STRIP = NO;
				DEBUG_INFORMATION_FORMAT = dwarf;
				ENABLE_STRICT_OBJC_MSGSEND = YES;
				ENABLE_TESTABILITY = YES;
				GCC_C_LANGUAGE_STANDARD = gnu11;
				GCC_DYNAMIC_NO_PIC = NO;
				GCC_NO_COMMON_BLOCKS = YES;
				GCC_OPTIMIZATION_LEVEL = 0;
				GCC_PREPROCESSOR_DEFINITIONS = (
					"DEBUG=1",
					"$(inherited)",
				);
				GCC_WARN_64_TO_32_BIT_CONVERSION = YES;
				GCC_WARN_ABOUT_RETURN_TYPE = YES_ERROR;
				GCC_WARN_UNDECLARED_SELECTOR = YES;
				GCC_WARN_UNINITIALIZED_AUTOS = YES_AGGRESSIVE;
				GCC_WARN_UNUSED_FUNCTION = YES;
				GCC_WARN_UNUSED_VARIABLE = YES;
				IPHONEOS_DEPLOYMENT_TARGET = 16.2;
				MTL_ENABLE_DEBUG_INFO = INCLUDE_SOURCE;
				MTL_FAST_MATH = YES;
				ONLY_ACTIVE_ARCH = YES;
				SDKROOT = iphoneos;
				SWIFT_ACTIVE_COMPILATION_CONDITIONS = DEBUG;
				SWIFT_OPTIMIZATION_LEVEL = "-Onone";
			};
			name = Debug;
		};
		298524632A32981800E1A15E /* Release */ = {
			isa = XCBuildConfiguration;
			buildSettings = {
				ALWAYS_SEARCH_USER_PATHS = NO;
				CLANG_ANALYZER_NONNULL = YES;
				CLANG_ANALYZER_NUMBER_OBJECT_CONVERSION = YES_AGGRESSIVE;
				CLANG_CXX_LANGUAGE_STANDARD = "gnu++20";
				CLANG_ENABLE_MODULES = YES;
				CLANG_ENABLE_OBJC_ARC = YES;
				CLANG_ENABLE_OBJC_WEAK = YES;
				CLANG_WARN_BLOCK_CAPTURE_AUTORELEASING = YES;
				CLANG_WARN_BOOL_CONVERSION = YES;
				CLANG_WARN_COMMA = YES;
				CLANG_WARN_CONSTANT_CONVERSION = YES;
				CLANG_WARN_DEPRECATED_OBJC_IMPLEMENTATIONS = YES;
				CLANG_WARN_DIRECT_OBJC_ISA_USAGE = YES_ERROR;
				CLANG_WARN_DOCUMENTATION_COMMENTS = YES;
				CLANG_WARN_EMPTY_BODY = YES;
				CLANG_WARN_ENUM_CONVERSION = YES;
				CLANG_WARN_INFINITE_RECURSION = YES;
				CLANG_WARN_INT_CONVERSION = YES;
				CLANG_WARN_NON_LITERAL_NULL_CONVERSION = YES;
				CLANG_WARN_OBJC_IMPLICIT_RETAIN_SELF = YES;
				CLANG_WARN_OBJC_LITERAL_CONVERSION = YES;
				CLANG_WARN_OBJC_ROOT_CLASS = YES_ERROR;
				CLANG_WARN_QUOTED_INCLUDE_IN_FRAMEWORK_HEADER = YES;
				CLANG_WARN_RANGE_LOOP_ANALYSIS = YES;
				CLANG_WARN_STRICT_PROTOTYPES = YES;
				CLANG_WARN_SUSPICIOUS_MOVE = YES;
				CLANG_WARN_UNGUARDED_AVAILABILITY = YES_AGGRESSIVE;
				CLANG_WARN_UNREACHABLE_CODE = YES;
				CLANG_WARN__DUPLICATE_METHOD_MATCH = YES;
				COPY_PHASE_STRIP = NO;
				DEBUG_INFORMATION_FORMAT = "dwarf-with-dsym";
				ENABLE_NS_ASSERTIONS = NO;
				ENABLE_STRICT_OBJC_MSGSEND = YES;
				GCC_C_LANGUAGE_STANDARD = gnu11;
				GCC_NO_COMMON_BLOCKS = YES;
				GCC_WARN_64_TO_32_BIT_CONVERSION = YES;
				GCC_WARN_ABOUT_RETURN_TYPE = YES_ERROR;
				GCC_WARN_UNDECLARED_SELECTOR = YES;
				GCC_WARN_UNINITIALIZED_AUTOS = YES_AGGRESSIVE;
				GCC_WARN_UNUSED_FUNCTION = YES;
				GCC_WARN_UNUSED_VARIABLE = YES;
				IPHONEOS_DEPLOYMENT_TARGET = 16.2;
				MTL_ENABLE_DEBUG_INFO = NO;
				MTL_FAST_MATH = YES;
				SDKROOT = iphoneos;
				SWIFT_COMPILATION_MODE = wholemodule;
				SWIFT_OPTIMIZATION_LEVEL = "-O";
				VALIDATE_PRODUCT = YES;
			};
			name = Release;
		};
		298524652A32981800E1A15E /* Debug */ = {
			isa = XCBuildConfiguration;
			buildSettings = {
				ASSETCATALOG_COMPILER_APPICON_NAME = AppIcon;
				ASSETCATALOG_COMPILER_GLOBAL_ACCENT_COLOR_NAME = AccentColor;
				CODE_SIGN_STYLE = Automatic;
				COPY_PHASE_STRIP = YES;
				CURRENT_PROJECT_VERSION = 1;
				DEPLOYMENT_LOCATION = YES;
				DEVELOPMENT_ASSET_PATHS = "\"GenoratorOfRandomGroups/Preview Content\"";
				DEVELOPMENT_TEAM = R986XQ7T6D;
				ENABLE_PREVIEWS = YES;
				GENERATE_INFOPLIST_FILE = YES;
				INFOPLIST_KEY_UIApplicationSceneManifest_Generation = YES;
				INFOPLIST_KEY_UIApplicationSupportsIndirectInputEvents = YES;
				INFOPLIST_KEY_UILaunchScreen_Generation = YES;
				INFOPLIST_KEY_UISupportedInterfaceOrientations_iPad = "UIInterfaceOrientationPortrait UIInterfaceOrientationPortraitUpsideDown UIInterfaceOrientationLandscapeLeft UIInterfaceOrientationLandscapeRight";
				INFOPLIST_KEY_UISupportedInterfaceOrientations_iPhone = "UIInterfaceOrientationPortrait UIInterfaceOrientationLandscapeLeft UIInterfaceOrientationLandscapeRight";
				LD_RUNPATH_SEARCH_PATHS = (
					"$(inherited)",
					"@executable_path/Frameworks",
				);
				MARKETING_VERSION = 1.0;
				PRODUCT_BUNDLE_IDENTIFIER = ca.zaidragab.GenoratorOfRandomGroups;
				PRODUCT_NAME = "$(TARGET_NAME)";
				SWIFT_EMIT_LOC_STRINGS = YES;
				SWIFT_VERSION = 5.0;
				TARGETED_DEVICE_FAMILY = "1,2";
			};
			name = Debug;
		};
		298524662A32981800E1A15E /* Release */ = {
			isa = XCBuildConfiguration;
			buildSettings = {
				ASSETCATALOG_COMPILER_APPICON_NAME = AppIcon;
				ASSETCATALOG_COMPILER_GLOBAL_ACCENT_COLOR_NAME = AccentColor;
				CODE_SIGN_STYLE = Automatic;
				COPY_PHASE_STRIP = YES;
				CURRENT_PROJECT_VERSION = 1;
				DEPLOYMENT_LOCATION = YES;
				DEVELOPMENT_ASSET_PATHS = "\"GenoratorOfRandomGroups/Preview Content\"";
				DEVELOPMENT_TEAM = R986XQ7T6D;
				ENABLE_PREVIEWS = YES;
				GENERATE_INFOPLIST_FILE = YES;
				INFOPLIST_KEY_UIApplicationSceneManifest_Generation = YES;
				INFOPLIST_KEY_UIApplicationSupportsIndirectInputEvents = YES;
				INFOPLIST_KEY_UILaunchScreen_Generation = YES;
				INFOPLIST_KEY_UISupportedInterfaceOrientations_iPad = "UIInterfaceOrientationPortrait UIInterfaceOrientationPortraitUpsideDown UIInterfaceOrientationLandscapeLeft UIInterfaceOrientationLandscapeRight";
				INFOPLIST_KEY_UISupportedInterfaceOrientations_iPhone = "UIInterfaceOrientationPortrait UIInterfaceOrientationLandscapeLeft UIInterfaceOrientationLandscapeRight";
				LD_RUNPATH_SEARCH_PATHS = (
					"$(inherited)",
					"@executable_path/Frameworks",
				);
				MARKETING_VERSION = 1.0;
				PRODUCT_BUNDLE_IDENTIFIER = ca.zaidragab.GenoratorOfRandomGroups;
				PRODUCT_NAME = "$(TARGET_NAME)";
				SWIFT_EMIT_LOC_STRINGS = YES;
				SWIFT_VERSION = 5.0;
				TARGETED_DEVICE_FAMILY = "1,2";
			};
			name = Release;
		};
/* End XCBuildConfiguration section */

/* Begin XCConfigurationList section */
		298524512A32981700E1A15E /* Build configuration list for PBXProject "GenoratorOfRandomGroups" */ = {
			isa = XCConfigurationList;
			buildConfigurations = (
				298524622A32981800E1A15E /* Debug */,
				298524632A32981800E1A15E /* Release */,
			);
			defaultConfigurationIsVisible = 0;
			defaultConfigurationName = Release;
		};
		298524642A32981800E1A15E /* Build configuration list for PBXNativeTarget "GenoratorOfRandomGroups" */ = {
			isa = XCConfigurationList;
			buildConfigurations = (
				298524652A32981800E1A15E /* Debug */,
				298524662A32981800E1A15E /* Release */,
			);
			defaultConfigurationIsVisible = 0;
			defaultConfigurationName = Release;
		};
/* End XCConfigurationList section */

/* Begin XCRemoteSwiftPackageReference section */
		2985246C2A32986800E1A15E /* XCRemoteSwiftPackageReference "Blackbird" */ = {
			isa = XCRemoteSwiftPackageReference;
			repositoryURL = "https://github.com/marcoarment/Blackbird";
			requirement = {
				branch = main;
				kind = branch;
			};
		};
/* End XCRemoteSwiftPackageReference section */

/* Begin XCSwiftPackageProductDependency section */
		2985246D2A32986800E1A15E /* Blackbird */ = {
			isa = XCSwiftPackageProductDependency;
			package = 2985246C2A32986800E1A15E /* XCRemoteSwiftPackageReference "Blackbird" */;
			productName = Blackbird;
		};
/* End XCSwiftPackageProductDependency section */
	};
	rootObject = 2985244E2A32981700E1A15E /* Project object */;
}
